// !$*UTF8*$!
{
	archiveVersion = 1;
	classes = {
	};
	objectVersion = 56;
	objects = {

/* Begin PBXBuildFile section */
		5B8EB14629D1AB5200B6BC82 /* AppDelegate.swift in Sources */ = {isa = PBXBuildFile; fileRef = 5B8EB14529D1AB5200B6BC82 /* AppDelegate.swift */; };
		5B8EB14829D1AB5200B6BC82 /* SceneDelegate.swift in Sources */ = {isa = PBXBuildFile; fileRef = 5B8EB14729D1AB5200B6BC82 /* SceneDelegate.swift */; };
		5B8EB14A29D1AB5200B6BC82 /* ViewController.swift in Sources */ = {isa = PBXBuildFile; fileRef = 5B8EB14929D1AB5200B6BC82 /* ViewController.swift */; };
		5B8EB14D29D1AB5200B6BC82 /* Main.storyboard in Resources */ = {isa = PBXBuildFile; fileRef = 5B8EB14B29D1AB5200B6BC82 /* Main.storyboard */; };
		5B8EB14F29D1AB5400B6BC82 /* Assets.xcassets in Resources */ = {isa = PBXBuildFile; fileRef = 5B8EB14E29D1AB5400B6BC82 /* Assets.xcassets */; };
		5B8EB15229D1AB5400B6BC82 /* LaunchScreen.storyboard in Resources */ = {isa = PBXBuildFile; fileRef = 5B8EB15029D1AB5400B6BC82 /* LaunchScreen.storyboard */; };
		5B8EB15D29D1AB5400B6BC82 /* wedlecMusicTests.swift in Sources */ = {isa = PBXBuildFile; fileRef = 5B8EB15C29D1AB5400B6BC82 /* wedlecMusicTests.swift */; };
		5B8EB16729D1AB5400B6BC82 /* wedlecMusicUITests.swift in Sources */ = {isa = PBXBuildFile; fileRef = 5B8EB16629D1AB5400B6BC82 /* wedlecMusicUITests.swift */; };
		5B8EB16929D1AB5400B6BC82 /* wedlecMusicUITestsLaunchTests.swift in Sources */ = {isa = PBXBuildFile; fileRef = 5B8EB16829D1AB5400B6BC82 /* wedlecMusicUITestsLaunchTests.swift */; };
/* End PBXBuildFile section */

/* Begin PBXContainerItemProxy section */
		5B8EB15929D1AB5400B6BC82 /* PBXContainerItemProxy */ = {
			isa = PBXContainerItemProxy;
			containerPortal = 5B8EB13A29D1AB5200B6BC82 /* Project object */;
			proxyType = 1;
			remoteGlobalIDString = 5B8EB14129D1AB5200B6BC82;
			remoteInfo = wedlecMusic;
		};
		5B8EB16329D1AB5400B6BC82 /* PBXContainerItemProxy */ = {
			isa = PBXContainerItemProxy;
			containerPortal = 5B8EB13A29D1AB5200B6BC82 /* Project object */;
			proxyType = 1;
			remoteGlobalIDString = 5B8EB14129D1AB5200B6BC82;
			remoteInfo = wedlecMusic;
		};
/* End PBXContainerItemProxy section */

/* Begin PBXFileReference section */
		5B8EB14229D1AB5200B6BC82 /* wedlecMusic.app */ = {isa = PBXFileReference; explicitFileType = wrapper.application; includeInIndex = 0; path = wedlecMusic.app; sourceTree = BUILT_PRODUCTS_DIR; };
		5B8EB14529D1AB5200B6BC82 /* AppDelegate.swift */ = {isa = PBXFileReference; lastKnownFileType = sourcecode.swift; path = AppDelegate.swift; sourceTree = "<group>"; };
		5B8EB14729D1AB5200B6BC82 /* SceneDelegate.swift */ = {isa = PBXFileReference; lastKnownFileType = sourcecode.swift; path = SceneDelegate.swift; sourceTree = "<group>"; };
		5B8EB14929D1AB5200B6BC82 /* ViewController.swift */ = {isa = PBXFileReference; lastKnownFileType = sourcecode.swift; path = ViewController.swift; sourceTree = "<group>"; };
		5B8EB14C29D1AB5200B6BC82 /* Base */ = {isa = PBXFileReference; lastKnownFileType = file.storyboard; name = Base; path = Base.lproj/Main.storyboard; sourceTree = "<group>"; };
		5B8EB14E29D1AB5400B6BC82 /* Assets.xcassets */ = {isa = PBXFileReference; lastKnownFileType = folder.assetcatalog; path = Assets.xcassets; sourceTree = "<group>"; };
		5B8EB15129D1AB5400B6BC82 /* Base */ = {isa = PBXFileReference; lastKnownFileType = file.storyboard; name = Base; path = Base.lproj/LaunchScreen.storyboard; sourceTree = "<group>"; };
		5B8EB15329D1AB5400B6BC82 /* Info.plist */ = {isa = PBXFileReference; lastKnownFileType = text.plist.xml; path = Info.plist; sourceTree = "<group>"; };
		5B8EB15829D1AB5400B6BC82 /* wedlecMusicTests.xctest */ = {isa = PBXFileReference; explicitFileType = wrapper.cfbundle; includeInIndex = 0; path = wedlecMusicTests.xctest; sourceTree = BUILT_PRODUCTS_DIR; };
		5B8EB15C29D1AB5400B6BC82 /* wedlecMusicTests.swift */ = {isa = PBXFileReference; lastKnownFileType = sourcecode.swift; path = wedlecMusicTests.swift; sourceTree = "<group>"; };
		5B8EB16229D1AB5400B6BC82 /* wedlecMusicUITests.xctest */ = {isa = PBXFileReference; explicitFileType = wrapper.cfbundle; includeInIndex = 0; path = wedlecMusicUITests.xctest; sourceTree = BUILT_PRODUCTS_DIR; };
		5B8EB16629D1AB5400B6BC82 /* wedlecMusicUITests.swift */ = {isa = PBXFileReference; lastKnownFileType = sourcecode.swift; path = wedlecMusicUITests.swift; sourceTree = "<group>"; };
		5B8EB16829D1AB5400B6BC82 /* wedlecMusicUITestsLaunchTests.swift */ = {isa = PBXFileReference; lastKnownFileType = sourcecode.swift; path = wedlecMusicUITestsLaunchTests.swift; sourceTree = "<group>"; };
/* End PBXFileReference section */

/* Begin PBXFrameworksBuildPhase section */
		5B8EB13F29D1AB5200B6BC82 /* Frameworks */ = {
			isa = PBXFrameworksBuildPhase;
			buildActionMask = 2147483647;
			files = (
			);
			runOnlyForDeploymentPostprocessing = 0;
		};
		5B8EB15529D1AB5400B6BC82 /* Frameworks */ = {
			isa = PBXFrameworksBuildPhase;
			buildActionMask = 2147483647;
			files = (
			);
			runOnlyForDeploymentPostprocessing = 0;
		};
		5B8EB15F29D1AB5400B6BC82 /* Frameworks */ = {
			isa = PBXFrameworksBuildPhase;
			buildActionMask = 2147483647;
			files = (
			);
			runOnlyForDeploymentPostprocessing = 0;
		};
/* End PBXFrameworksBuildPhase section */

/* Begin PBXGroup section */
		5B8EB13929D1AB5200B6BC82 = {
			isa = PBXGroup;
			children = (
				5B8EB14429D1AB5200B6BC82 /* wedlecMusic */,
				5B8EB15B29D1AB5400B6BC82 /* wedlecMusicTests */,
				5B8EB16529D1AB5400B6BC82 /* wedlecMusicUITests */,
				5B8EB14329D1AB5200B6BC82 /* Products */,
			);
			sourceTree = "<group>";
		};
		5B8EB14329D1AB5200B6BC82 /* Products */ = {
			isa = PBXGroup;
			children = (
				5B8EB14229D1AB5200B6BC82 /* wedlecMusic.app */,
				5B8EB15829D1AB5400B6BC82 /* wedlecMusicTests.xctest */,
				5B8EB16229D1AB5400B6BC82 /* wedlecMusicUITests.xctest */,
			);
			name = Products;
			sourceTree = "<group>";
		};
		5B8EB14429D1AB5200B6BC82 /* wedlecMusic */ = {
			isa = PBXGroup;
			children = (
				5B8EB14529D1AB5200B6BC82 /* AppDelegate.swift */,
				5B8EB14729D1AB5200B6BC82 /* SceneDelegate.swift */,
				5B8EB14929D1AB5200B6BC82 /* ViewController.swift */,
				5B8EB14B29D1AB5200B6BC82 /* Main.storyboard */,
				5B8EB14E29D1AB5400B6BC82 /* Assets.xcassets */,
				5B8EB15029D1AB5400B6BC82 /* LaunchScreen.storyboard */,
				5B8EB15329D1AB5400B6BC82 /* Info.plist */,
			);
			path = wedlecMusic;
			sourceTree = "<group>";
		};
		5B8EB15B29D1AB5400B6BC82 /* wedlecMusicTests */ = {
			isa = PBXGroup;
			children = (
				5B8EB15C29D1AB5400B6BC82 /* wedlecMusicTests.swift */,
			);
			path = wedlecMusicTests;
			sourceTree = "<group>";
		};
		5B8EB16529D1AB5400B6BC82 /* wedlecMusicUITests */ = {
			isa = PBXGroup;
			children = (
				5B8EB16629D1AB5400B6BC82 /* wedlecMusicUITests.swift */,
				5B8EB16829D1AB5400B6BC82 /* wedlecMusicUITestsLaunchTests.swift */,
			);
			path = wedlecMusicUITests;
			sourceTree = "<group>";
		};
/* End PBXGroup section */

/* Begin PBXNativeTarget section */
		5B8EB14129D1AB5200B6BC82 /* wedlecMusic */ = {
			isa = PBXNativeTarget;
			buildConfigurationList = 5B8EB16C29D1AB5400B6BC82 /* Build configuration list for PBXNativeTarget "wedlecMusic" */;
			buildPhases = (
				5B8EB13E29D1AB5200B6BC82 /* Sources */,
				5B8EB13F29D1AB5200B6BC82 /* Frameworks */,
				5B8EB14029D1AB5200B6BC82 /* Resources */,
			);
			buildRules = (
			);
			dependencies = (
			);
			name = wedlecMusic;
			productName = wedlecMusic;
			productReference = 5B8EB14229D1AB5200B6BC82 /* wedlecMusic.app */;
			productType = "com.apple.product-type.application";
		};
		5B8EB15729D1AB5400B6BC82 /* wedlecMusicTests */ = {
			isa = PBXNativeTarget;
			buildConfigurationList = 5B8EB16F29D1AB5400B6BC82 /* Build configuration list for PBXNativeTarget "wedlecMusicTests" */;
			buildPhases = (
				5B8EB15429D1AB5400B6BC82 /* Sources */,
				5B8EB15529D1AB5400B6BC82 /* Frameworks */,
				5B8EB15629D1AB5400B6BC82 /* Resources */,
			);
			buildRules = (
			);
			dependencies = (
				5B8EB15A29D1AB5400B6BC82 /* PBXTargetDependency */,
			);
			name = wedlecMusicTests;
			productName = wedlecMusicTests;
			productReference = 5B8EB15829D1AB5400B6BC82 /* wedlecMusicTests.xctest */;
			productType = "com.apple.product-type.bundle.unit-test";
		};
		5B8EB16129D1AB5400B6BC82 /* wedlecMusicUITests */ = {
			isa = PBXNativeTarget;
			buildConfigurationList = 5B8EB17229D1AB5400B6BC82 /* Build configuration list for PBXNativeTarget "wedlecMusicUITests" */;
			buildPhases = (
				5B8EB15E29D1AB5400B6BC82 /* Sources */,
				5B8EB15F29D1AB5400B6BC82 /* Frameworks */,
				5B8EB16029D1AB5400B6BC82 /* Resources */,
			);
			buildRules = (
			);
			dependencies = (
				5B8EB16429D1AB5400B6BC82 /* PBXTargetDependency */,
			);
			name = wedlecMusicUITests;
			productName = wedlecMusicUITests;
			productReference = 5B8EB16229D1AB5400B6BC82 /* wedlecMusicUITests.xctest */;
			productType = "com.apple.product-type.bundle.ui-testing";
		};
/* End PBXNativeTarget section */

/* Begin PBXProject section */
		5B8EB13A29D1AB5200B6BC82 /* Project object */ = {
			isa = PBXProject;
			attributes = {
				BuildIndependentTargetsInParallel = 1;
				LastSwiftUpdateCheck = 1420;
				LastUpgradeCheck = 1420;
				TargetAttributes = {
					5B8EB14129D1AB5200B6BC82 = {
						CreatedOnToolsVersion = 14.2;
					};
					5B8EB15729D1AB5400B6BC82 = {
						CreatedOnToolsVersion = 14.2;
						TestTargetID = 5B8EB14129D1AB5200B6BC82;
					};
					5B8EB16129D1AB5400B6BC82 = {
						CreatedOnToolsVersion = 14.2;
						TestTargetID = 5B8EB14129D1AB5200B6BC82;
					};
				};
			};
			buildConfigurationList = 5B8EB13D29D1AB5200B6BC82 /* Build configuration list for PBXProject "wedlecMusic" */;
			compatibilityVersion = "Xcode 14.0";
			developmentRegion = en;
			hasScannedForEncodings = 0;
			knownRegions = (
				en,
				Base,
			);
			mainGroup = 5B8EB13929D1AB5200B6BC82;
			productRefGroup = 5B8EB14329D1AB5200B6BC82 /* Products */;
			projectDirPath = "";
			projectRoot = "";
			targets = (
				5B8EB14129D1AB5200B6BC82 /* wedlecMusic */,
				5B8EB15729D1AB5400B6BC82 /* wedlecMusicTests */,
				5B8EB16129D1AB5400B6BC82 /* wedlecMusicUITests */,
			);
		};
/* End PBXProject section */

/* Begin PBXResourcesBuildPhase section */
		5B8EB14029D1AB5200B6BC82 /* Resources */ = {
			isa = PBXResourcesBuildPhase;
			buildActionMask = 2147483647;
			files = (
				5B8EB15229D1AB5400B6BC82 /* LaunchScreen.storyboard in Resources */,
				5B8EB14F29D1AB5400B6BC82 /* Assets.xcassets in Resources */,
				5B8EB14D29D1AB5200B6BC82 /* Main.storyboard in Resources */,
			);
			runOnlyForDeploymentPostprocessing = 0;
		};
		5B8EB15629D1AB5400B6BC82 /* Resources */ = {
			isa = PBXResourcesBuildPhase;
			buildActionMask = 2147483647;
			files = (
			);
			runOnlyForDeploymentPostprocessing = 0;
		};
		5B8EB16029D1AB5400B6BC82 /* Resources */ = {
			isa = PBXResourcesBuildPhase;
			buildActionMask = 2147483647;
			files = (
			);
			runOnlyForDeploymentPostprocessing = 0;
		};
/* End PBXResourcesBuildPhase section */

/* Begin PBXSourcesBuildPhase section */
		5B8EB13E29D1AB5200B6BC82 /* Sources */ = {
			isa = PBXSourcesBuildPhase;
			buildActionMask = 2147483647;
			files = (
				5B8EB14A29D1AB5200B6BC82 /* ViewController.swift in Sources */,
				5B8EB14629D1AB5200B6BC82 /* AppDelegate.swift in Sources */,
				5B8EB14829D1AB5200B6BC82 /* SceneDelegate.swift in Sources */,
			);
			runOnlyForDeploymentPostprocessing = 0;
		};
		5B8EB15429D1AB5400B6BC82 /* Sources */ = {
			isa = PBXSourcesBuildPhase;
			buildActionMask = 2147483647;
			files = (
				5B8EB15D29D1AB5400B6BC82 /* wedlecMusicTests.swift in Sources */,
			);
			runOnlyForDeploymentPostprocessing = 0;
		};
		5B8EB15E29D1AB5400B6BC82 /* Sources */ = {
			isa = PBXSourcesBuildPhase;
			buildActionMask = 2147483647;
			files = (
				5B8EB16929D1AB5400B6BC82 /* wedlecMusicUITestsLaunchTests.swift in Sources */,
				5B8EB16729D1AB5400B6BC82 /* wedlecMusicUITests.swift in Sources */,
			);
			runOnlyForDeploymentPostprocessing = 0;
		};
/* End PBXSourcesBuildPhase section */

/* Begin PBXTargetDependency section */
		5B8EB15A29D1AB5400B6BC82 /* PBXTargetDependency */ = {
			isa = PBXTargetDependency;
			target = 5B8EB14129D1AB5200B6BC82 /* wedlecMusic */;
			targetProxy = 5B8EB15929D1AB5400B6BC82 /* PBXContainerItemProxy */;
		};
		5B8EB16429D1AB5400B6BC82 /* PBXTargetDependency */ = {
			isa = PBXTargetDependency;
			target = 5B8EB14129D1AB5200B6BC82 /* wedlecMusic */;
			targetProxy = 5B8EB16329D1AB5400B6BC82 /* PBXContainerItemProxy */;
		};
/* End PBXTargetDependency section */

/* Begin PBXVariantGroup section */
		5B8EB14B29D1AB5200B6BC82 /* Main.storyboard */ = {
			isa = PBXVariantGroup;
			children = (
				5B8EB14C29D1AB5200B6BC82 /* Base */,
			);
			name = Main.storyboard;
			sourceTree = "<group>";
		};
		5B8EB15029D1AB5400B6BC82 /* LaunchScreen.storyboard */ = {
			isa = PBXVariantGroup;
			children = (
				5B8EB15129D1AB5400B6BC82 /* Base */,
			);
			name = LaunchScreen.storyboard;
			sourceTree = "<group>";
		};
/* End PBXVariantGroup section */

/* Begin XCBuildConfiguration section */
		5B8EB16A29D1AB5400B6BC82 /* Debug */ = {
			isa = XCBuildConfiguration;
			buildSettings = {
				ALWAYS_SEARCH_USER_PATHS = NO;
				CLANG_ANALYZER_NONNULL = YES;
				CLANG_ANALYZER_NUMBER_OBJECT_CONVERSION = YES_AGGRESSIVE;
				CLANG_CXX_LANGUAGE_STANDARD = "gnu++20";
				CLANG_ENABLE_MODULES = YES;
				CLANG_ENABLE_OBJC_ARC = YES;
				CLANG_ENABLE_OBJC_WEAK = YES;
				CLANG_WARN_BLOCK_CAPTURE_AUTORELEASING = YES;
				CLANG_WARN_BOOL_CONVERSION = YES;
				CLANG_WARN_COMMA = YES;
				CLANG_WARN_CONSTANT_CONVERSION = YES;
				CLANG_WARN_DEPRECATED_OBJC_IMPLEMENTATIONS = YES;
				CLANG_WARN_DIRECT_OBJC_ISA_USAGE = YES_ERROR;
				CLANG_WARN_DOCUMENTATION_COMMENTS = YES;
				CLANG_WARN_EMPTY_BODY = YES;
				CLANG_WARN_ENUM_CONVERSION = YES;
				CLANG_WARN_INFINITE_RECURSION = YES;
				CLANG_WARN_INT_CONVERSION = YES;
				CLANG_WARN_NON_LITERAL_NULL_CONVERSION = YES;
				CLANG_WARN_OBJC_IMPLICIT_RETAIN_SELF = YES;
				CLANG_WARN_OBJC_LITERAL_CONVERSION = YES;
				CLANG_WARN_OBJC_ROOT_CLASS = YES_ERROR;
				CLANG_WARN_QUOTED_INCLUDE_IN_FRAMEWORK_HEADER = YES;
				CLANG_WARN_RANGE_LOOP_ANALYSIS = YES;
				CLANG_WARN_STRICT_PROTOTYPES = YES;
				CLANG_WARN_SUSPICIOUS_MOVE = YES;
				CLANG_WARN_UNGUARDED_AVAILABILITY = YES_AGGRESSIVE;
				CLANG_WARN_UNREACHABLE_CODE = YES;
				CLANG_WARN__DUPLICATE_METHOD_MATCH = YES;
				COPY_PHASE_STRIP = NO;
				DEBUG_INFORMATION_FORMAT = dwarf;
				ENABLE_STRICT_OBJC_MSGSEND = YES;
				ENABLE_TESTABILITY = YES;
				GCC_C_LANGUAGE_STANDARD = gnu11;
				GCC_DYNAMIC_NO_PIC = NO;
				GCC_NO_COMMON_BLOCKS = YES;
				GCC_OPTIMIZATION_LEVEL = 0;
				GCC_PREPROCESSOR_DEFINITIONS = (
					"DEBUG=1",
					"$(inherited)",
				);
				GCC_WARN_64_TO_32_BIT_CONVERSION = YES;
				GCC_WARN_ABOUT_RETURN_TYPE = YES_ERROR;
				GCC_WARN_UNDECLARED_SELECTOR = YES;
				GCC_WARN_UNINITIALIZED_AUTOS = YES_AGGRESSIVE;
				GCC_WARN_UNUSED_FUNCTION = YES;
				GCC_WARN_UNUSED_VARIABLE = YES;
				IPHONEOS_DEPLOYMENT_TARGET = 16.2;
				MTL_ENABLE_DEBUG_INFO = INCLUDE_SOURCE;
				MTL_FAST_MATH = YES;
				ONLY_ACTIVE_ARCH = YES;
				SDKROOT = iphoneos;
				SWIFT_ACTIVE_COMPILATION_CONDITIONS = DEBUG;
				SWIFT_OPTIMIZATION_LEVEL = "-Onone";
			};
			name = Debug;
		};
		5B8EB16B29D1AB5400B6BC82 /* Release */ = {
			isa = XCBuildConfiguration;
			buildSettings = {
				ALWAYS_SEARCH_USER_PATHS = NO;
				CLANG_ANALYZER_NONNULL = YES;
				CLANG_ANALYZER_NUMBER_OBJECT_CONVERSION = YES_AGGRESSIVE;
				CLANG_CXX_LANGUAGE_STANDARD = "gnu++20";
				CLANG_ENABLE_MODULES = YES;
				CLANG_ENABLE_OBJC_ARC = YES;
				CLANG_ENABLE_OBJC_WEAK = YES;
				CLANG_WARN_BLOCK_CAPTURE_AUTORELEASING = YES;
				CLANG_WARN_BOOL_CONVERSION = YES;
				CLANG_WARN_COMMA = YES;
				CLANG_WARN_CONSTANT_CONVERSION = YES;
				CLANG_WARN_DEPRECATED_OBJC_IMPLEMENTATIONS = YES;
				CLANG_WARN_DIRECT_OBJC_ISA_USAGE = YES_ERROR;
				CLANG_WARN_DOCUMENTATION_COMMENTS = YES;
				CLANG_WARN_EMPTY_BODY = YES;
				CLANG_WARN_ENUM_CONVERSION = YES;
				CLANG_WARN_INFINITE_RECURSION = YES;
				CLANG_WARN_INT_CONVERSION = YES;
				CLANG_WARN_NON_LITERAL_NULL_CONVERSION = YES;
				CLANG_WARN_OBJC_IMPLICIT_RETAIN_SELF = YES;
				CLANG_WARN_OBJC_LITERAL_CONVERSION = YES;
				CLANG_WARN_OBJC_ROOT_CLASS = YES_ERROR;
				CLANG_WARN_QUOTED_INCLUDE_IN_FRAMEWORK_HEADER = YES;
				CLANG_WARN_RANGE_LOOP_ANALYSIS = YES;
				CLANG_WARN_STRICT_PROTOTYPES = YES;
				CLANG_WARN_SUSPICIOUS_MOVE = YES;
				CLANG_WARN_UNGUARDED_AVAILABILITY = YES_AGGRESSIVE;
				CLANG_WARN_UNREACHABLE_CODE = YES;
				CLANG_WARN__DUPLICATE_METHOD_MATCH = YES;
				COPY_PHASE_STRIP = NO;
				DEBUG_INFORMATION_FORMAT = "dwarf-with-dsym";
				ENABLE_NS_ASSERTIONS = NO;
				ENABLE_STRICT_OBJC_MSGSEND = YES;
				GCC_C_LANGUAGE_STANDARD = gnu11;
				GCC_NO_COMMON_BLOCKS = YES;
				GCC_WARN_64_TO_32_BIT_CONVERSION = YES;
				GCC_WARN_ABOUT_RETURN_TYPE = YES_ERROR;
				GCC_WARN_UNDECLARED_SELECTOR = YES;
				GCC_WARN_UNINITIALIZED_AUTOS = YES_AGGRESSIVE;
				GCC_WARN_UNUSED_FUNCTION = YES;
				GCC_WARN_UNUSED_VARIABLE = YES;
				IPHONEOS_DEPLOYMENT_TARGET = 16.2;
				MTL_ENABLE_DEBUG_INFO = NO;
				MTL_FAST_MATH = YES;
				SDKROOT = iphoneos;
				SWIFT_COMPILATION_MODE = wholemodule;
				SWIFT_OPTIMIZATION_LEVEL = "-O";
				VALIDATE_PRODUCT = YES;
			};
			name = Release;
		};
		5B8EB16D29D1AB5400B6BC82 /* Debug */ = {
			isa = XCBuildConfiguration;
			buildSettings = {
				ASSETCATALOG_COMPILER_APPICON_NAME = AppIcon;
				ASSETCATALOG_COMPILER_GLOBAL_ACCENT_COLOR_NAME = AccentColor;
				CODE_SIGN_STYLE = Automatic;
				CURRENT_PROJECT_VERSION = 1;
				DEVELOPMENT_TEAM = BMBZXVKB64;
				GENERATE_INFOPLIST_FILE = YES;
				INFOPLIST_FILE = wedlecMusic/Info.plist;
				INFOPLIST_KEY_UIApplicationSupportsIndirectInputEvents = YES;
				INFOPLIST_KEY_UILaunchStoryboardName = LaunchScreen;
				INFOPLIST_KEY_UIMainStoryboardFile = Main;
				INFOPLIST_KEY_UISupportedInterfaceOrientations_iPad = "UIInterfaceOrientationPortrait UIInterfaceOrientationPortraitUpsideDown UIInterfaceOrientationLandscapeLeft UIInterfaceOrientationLandscapeRight";
				INFOPLIST_KEY_UISupportedInterfaceOrientations_iPhone = "UIInterfaceOrientationPortrait UIInterfaceOrientationLandscapeLeft UIInterfaceOrientationLandscapeRight";
				LD_RUNPATH_SEARCH_PATHS = (
					"$(inherited)",
					"@executable_path/Frameworks",
				);
				MARKETING_VERSION = 1.0;
				PRODUCT_BUNDLE_IDENTIFIER = com.wedlec.wedlecMusic;
				PRODUCT_NAME = "$(TARGET_NAME)";
				SWIFT_EMIT_LOC_STRINGS = YES;
				SWIFT_VERSION = 5.0;
				TARGETED_DEVICE_FAMILY = "1,2";
			};
			name = Debug;
		};
		5B8EB16E29D1AB5400B6BC82 /* Release */ = {
			isa = XCBuildConfiguration;
			buildSettings = {
				ASSETCATALOG_COMPILER_APPICON_NAME = AppIcon;
				ASSETCATALOG_COMPILER_GLOBAL_ACCENT_COLOR_NAME = AccentColor;
				CODE_SIGN_STYLE = Automatic;
				CURRENT_PROJECT_VERSION = 1;
				DEVELOPMENT_TEAM = BMBZXVKB64;
				GENERATE_INFOPLIST_FILE = YES;
				INFOPLIST_FILE = wedlecMusic/Info.plist;
				INFOPLIST_KEY_UIApplicationSupportsIndirectInputEvents = YES;
				INFOPLIST_KEY_UILaunchStoryboardName = LaunchScreen;
				INFOPLIST_KEY_UIMainStoryboardFile = Main;
				INFOPLIST_KEY_UISupportedInterfaceOrientations_iPad = "UIInterfaceOrientationPortrait UIInterfaceOrientationPortraitUpsideDown UIInterfaceOrientationLandscapeLeft UIInterfaceOrientationLandscapeRight";
				INFOPLIST_KEY_UISupportedInterfaceOrientations_iPhone = "UIInterfaceOrientationPortrait UIInterfaceOrientationLandscapeLeft UIInterfaceOrientationLandscapeRight";
				LD_RUNPATH_SEARCH_PATHS = (
					"$(inherited)",
					"@executable_path/Frameworks",
				);
				MARKETING_VERSION = 1.0;
				PRODUCT_BUNDLE_IDENTIFIER = com.wedlec.wedlecMusic;
				PRODUCT_NAME = "$(TARGET_NAME)";
				SWIFT_EMIT_LOC_STRINGS = YES;
				SWIFT_VERSION = 5.0;
				TARGETED_DEVICE_FAMILY = "1,2";
			};
			name = Release;
		};
		5B8EB17029D1AB5400B6BC82 /* Debug */ = {
			isa = XCBuildConfiguration;
			buildSettings = {
				ALWAYS_EMBED_SWIFT_STANDARD_LIBRARIES = YES;
				BUNDLE_LOADER = "$(TEST_HOST)";
				CODE_SIGN_STYLE = Automatic;
				CURRENT_PROJECT_VERSION = 1;
				DEVELOPMENT_TEAM = BMBZXVKB64;
				GENERATE_INFOPLIST_FILE = YES;
				IPHONEOS_DEPLOYMENT_TARGET = 16.2;
				MARKETING_VERSION = 1.0;
				PRODUCT_BUNDLE_IDENTIFIER = com.wedlec.wedlecMusicTests;
				PRODUCT_NAME = "$(TARGET_NAME)";
				SWIFT_EMIT_LOC_STRINGS = NO;
				SWIFT_VERSION = 5.0;
				TARGETED_DEVICE_FAMILY = "1,2";
				TEST_HOST = "$(BUILT_PRODUCTS_DIR)/wedlecMusic.app/$(BUNDLE_EXECUTABLE_FOLDER_PATH)/wedlecMusic";
			};
			name = Debug;
		};
		5B8EB17129D1AB5400B6BC82 /* Release */ = {
			isa = XCBuildConfiguration;
			buildSettings = {
				ALWAYS_EMBED_SWIFT_STANDARD_LIBRARIES = YES;
				BUNDLE_LOADER = "$(TEST_HOST)";
				CODE_SIGN_STYLE = Automatic;
				CURRENT_PROJECT_VERSION = 1;
				DEVELOPMENT_TEAM = BMBZXVKB64;
				GENERATE_INFOPLIST_FILE = YES;
				IPHONEOS_DEPLOYMENT_TARGET = 16.2;
				MARKETING_VERSION = 1.0;
				PRODUCT_BUNDLE_IDENTIFIER = com.wedlec.wedlecMusicTests;
				PRODUCT_NAME = "$(TARGET_NAME)";
				SWIFT_EMIT_LOC_STRINGS = NO;
				SWIFT_VERSION = 5.0;
				TARGETED_DEVICE_FAMILY = "1,2";
				TEST_HOST = "$(BUILT_PRODUCTS_DIR)/wedlecMusic.app/$(BUNDLE_EXECUTABLE_FOLDER_PATH)/wedlecMusic";
			};
			name = Release;
		};
		5B8EB17329D1AB5400B6BC82 /* Debug */ = {
			isa = XCBuildConfiguration;
			buildSettings = {
				ALWAYS_EMBED_SWIFT_STANDARD_LIBRARIES = YES;
				CODE_SIGN_STYLE = Automatic;
				CURRENT_PROJECT_VERSION = 1;
				DEVELOPMENT_TEAM = BMBZXVKB64;
				GENERATE_INFOPLIST_FILE = YES;
				MARKETING_VERSION = 1.0;
				PRODUCT_BUNDLE_IDENTIFIER = com.wedlec.wedlecMusicUITests;
				PRODUCT_NAME = "$(TARGET_NAME)";
				SWIFT_EMIT_LOC_STRINGS = NO;
				SWIFT_VERSION = 5.0;
				TARGETED_DEVICE_FAMILY = "1,2";
				TEST_TARGET_NAME = wedlecMusic;
			};
			name = Debug;
		};
		5B8EB17429D1AB5400B6BC82 /* Release */ = {
			isa = XCBuildConfiguration;
			buildSettings = {
				ALWAYS_EMBED_SWIFT_STANDARD_LIBRARIES = YES;
				CODE_SIGN_STYLE = Automatic;
				CURRENT_PROJECT_VERSION = 1;
				DEVELOPMENT_TEAM = BMBZXVKB64;
				GENERATE_INFOPLIST_FILE = YES;
				MARKETING_VERSION = 1.0;
				PRODUCT_BUNDLE_IDENTIFIER = com.wedlec.wedlecMusicUITests;
				PRODUCT_NAME = "$(TARGET_NAME)";
				SWIFT_EMIT_LOC_STRINGS = NO;
				SWIFT_VERSION = 5.0;
				TARGETED_DEVICE_FAMILY = "1,2";
				TEST_TARGET_NAME = wedlecMusic;
			};
			name = Release;
		};
/* End XCBuildConfiguration section */

/* Begin XCConfigurationList section */
		5B8EB13D29D1AB5200B6BC82 /* Build configuration list for PBXProject "wedlecMusic" */ = {
			isa = XCConfigurationList;
			buildConfigurations = (
				5B8EB16A29D1AB5400B6BC82 /* Debug */,
				5B8EB16B29D1AB5400B6BC82 /* Release */,
			);
			defaultConfigurationIsVisible = 0;
			defaultConfigurationName = Release;
		};
		5B8EB16C29D1AB5400B6BC82 /* Build configuration list for PBXNativeTarget "wedlecMusic" */ = {
			isa = XCConfigurationList;
			buildConfigurations = (
				5B8EB16D29D1AB5400B6BC82 /* Debug */,
				5B8EB16E29D1AB5400B6BC82 /* Release */,
			);
			defaultConfigurationIsVisible = 0;
			defaultConfigurationName = Release;
		};
		5B8EB16F29D1AB5400B6BC82 /* Build configuration list for PBXNativeTarget "wedlecMusicTests" */ = {
			isa = XCConfigurationList;
			buildConfigurations = (
				5B8EB17029D1AB5400B6BC82 /* Debug */,
				5B8EB17129D1AB5400B6BC82 /* Release */,
			);
			defaultConfigurationIsVisible = 0;
			defaultConfigurationName = Release;
		};
		5B8EB17229D1AB5400B6BC82 /* Build configuration list for PBXNativeTarget "wedlecMusicUITests" */ = {
			isa = XCConfigurationList;
			buildConfigurations = (
				5B8EB17329D1AB5400B6BC82 /* Debug */,
				5B8EB17429D1AB5400B6BC82 /* Release */,
			);
			defaultConfigurationIsVisible = 0;
			defaultConfigurationName = Release;
		};
/* End XCConfigurationList section */
	};
	rootObject = 5B8EB13A29D1AB5200B6BC82 /* Project object */;
}
